
Microsoft Visual Studio Solution File, Format Version 12.00
# Visual Studio Version 16
VisualStudioVersion = 16.0.31205.134
MinimumVisualStudioVersion = 10.0.40219.1
Project("{FAE04EC0-301F-11D3-BF4B-00C04F79EFBC}") = "EnglishBooster", "EnglishBooster\EnglishBooster.csproj", "{E518FDDB-544E-458E-B938-87D0AC2E646D}"
EndProject
Global
	GlobalSection(SolutionConfigurationPlatforms) = preSolution
		Debug|Any CPU = Debug|Any CPU
		Release|Any CPU = Release|Any CPU
	EndGlobalSection
	GlobalSection(ProjectConfigurationPlatforms) = postSolution
		{E518FDDB-544E-458E-B938-87D0AC2E646D}.Debug|Any CPU.ActiveCfg = Debug|Any CPU
		{E518FDDB-544E-458E-B938-87D0AC2E646D}.Debug|Any CPU.Build.0 = Debug|Any CPU
		{E518FDDB-544E-458E-B938-87D0AC2E646D}.Release|Any CPU.ActiveCfg = Release|Any CPU
		{E518FDDB-544E-458E-B938-87D0AC2E646D}.Release|Any CPU.Build.0 = Release|Any CPU
	EndGlobalSection
	GlobalSection(SolutionProperties) = preSolution
		HideSolutionNode = FALSE
	EndGlobalSection
	GlobalSection(ExtensibilityGlobals) = postSolution
		SolutionGuid = {5FC7995E-90B8-4EDC-BC1F-AE68ECBD711A}
	EndGlobalSection
EndGlobal
